// !$*UTF8*$!
{
	archiveVersion = 1;
	classes = {
	};
	objectVersion = 46;
	objects = {

/* Begin PBXBuildFile section */
		25A973931DA77159008CA909 /* AppDelegate.swift in Sources */ = {isa = PBXBuildFile; fileRef = 25A973921DA77159008CA909 /* AppDelegate.swift */; };
		25A973951DA77159008CA909 /* ViewController.swift in Sources */ = {isa = PBXBuildFile; fileRef = 25A973941DA77159008CA909 /* ViewController.swift */; };
		25A973981DA77159008CA909 /* Main.storyboard in Resources */ = {isa = PBXBuildFile; fileRef = 25A973961DA77159008CA909 /* Main.storyboard */; };
		25A9739B1DA77159008CA909 /* Proyecto.xcdatamodeld in Sources */ = {isa = PBXBuildFile; fileRef = 25A973991DA77159008CA909 /* Proyecto.xcdatamodeld */; };
		25A9739D1DA77159008CA909 /* Assets.xcassets in Resources */ = {isa = PBXBuildFile; fileRef = 25A9739C1DA77159008CA909 /* Assets.xcassets */; };
		25A973A01DA77159008CA909 /* LaunchScreen.storyboard in Resources */ = {isa = PBXBuildFile; fileRef = 25A9739E1DA77159008CA909 /* LaunchScreen.storyboard */; };
		25A973AB1DA7715A008CA909 /* ProyectoTests.swift in Sources */ = {isa = PBXBuildFile; fileRef = 25A973AA1DA7715A008CA909 /* ProyectoTests.swift */; };
/* End PBXBuildFile section */

/* Begin PBXContainerItemProxy section */
		25A973A71DA7715A008CA909 /* PBXContainerItemProxy */ = {
			isa = PBXContainerItemProxy;
			containerPortal = 25A973871DA77159008CA909 /* Project object */;
			proxyType = 1;
			remoteGlobalIDString = 25A9738E1DA77159008CA909;
			remoteInfo = Proyecto;
		};
/* End PBXContainerItemProxy section */

/* Begin PBXFileReference section */
		25A9738F1DA77159008CA909 /* Proyecto.app */ = {isa = PBXFileReference; explicitFileType = wrapper.application; includeInIndex = 0; path = Proyecto.app; sourceTree = BUILT_PRODUCTS_DIR; };
		25A973921DA77159008CA909 /* AppDelegate.swift */ = {isa = PBXFileReference; lastKnownFileType = sourcecode.swift; path = AppDelegate.swift; sourceTree = "<group>"; };
		25A973941DA77159008CA909 /* ViewController.swift */ = {isa = PBXFileReference; lastKnownFileType = sourcecode.swift; path = ViewController.swift; sourceTree = "<group>"; };
		25A973971DA77159008CA909 /* Base */ = {isa = PBXFileReference; lastKnownFileType = file.storyboard; name = Base; path = Base.lproj/Main.storyboard; sourceTree = "<group>"; };
		25A9739A1DA77159008CA909 /* Proyecto.xcdatamodel */ = {isa = PBXFileReference; lastKnownFileType = wrapper.xcdatamodel; path = Proyecto.xcdatamodel; sourceTree = "<group>"; };
		25A9739C1DA77159008CA909 /* Assets.xcassets */ = {isa = PBXFileReference; lastKnownFileType = folder.assetcatalog; path = Assets.xcassets; sourceTree = "<group>"; };
		25A9739F1DA77159008CA909 /* Base */ = {isa = PBXFileReference; lastKnownFileType = file.storyboard; name = Base; path = Base.lproj/LaunchScreen.storyboard; sourceTree = "<group>"; };
		25A973A11DA77159008CA909 /* Info.plist */ = {isa = PBXFileReference; lastKnownFileType = text.plist.xml; path = Info.plist; sourceTree = "<group>"; };
		25A973A61DA7715A008CA909 /* ProyectoTests.xctest */ = {isa = PBXFileReference; explicitFileType = wrapper.cfbundle; includeInIndex = 0; path = ProyectoTests.xctest; sourceTree = BUILT_PRODUCTS_DIR; };
		25A973AA1DA7715A008CA909 /* ProyectoTests.swift */ = {isa = PBXFileReference; lastKnownFileType = sourcecode.swift; path = ProyectoTests.swift; sourceTree = "<group>"; };
		25A973AC1DA7715A008CA909 /* Info.plist */ = {isa = PBXFileReference; lastKnownFileType = text.plist.xml; path = Info.plist; sourceTree = "<group>"; };
/* End PBXFileReference section */

/* Begin PBXFrameworksBuildPhase section */
		25A9738C1DA77159008CA909 /* Frameworks */ = {
			isa = PBXFrameworksBuildPhase;
			buildActionMask = 2147483647;
			files = (
			);
			runOnlyForDeploymentPostprocessing = 0;
		};
		25A973A31DA7715A008CA909 /* Frameworks */ = {
			isa = PBXFrameworksBuildPhase;
			buildActionMask = 2147483647;
			files = (
			);
			runOnlyForDeploymentPostprocessing = 0;
		};
/* End PBXFrameworksBuildPhase section */

/* Begin PBXGroup section */
		25A973861DA77159008CA909 = {
			isa = PBXGroup;
			children = (
				25A973911DA77159008CA909 /* Proyecto */,
				25A973A91DA7715A008CA909 /* ProyectoTests */,
				25A973901DA77159008CA909 /* Products */,
			);
			sourceTree = "<group>";
		};
		25A973901DA77159008CA909 /* Products */ = {
			isa = PBXGroup;
			children = (
				25A9738F1DA77159008CA909 /* Proyecto.app */,
				25A973A61DA7715A008CA909 /* ProyectoTests.xctest */,
			);
			name = Products;
			sourceTree = "<group>";
		};
		25A973911DA77159008CA909 /* Proyecto */ = {
			isa = PBXGroup;
			children = (
				25A973921DA77159008CA909 /* AppDelegate.swift */,
				25A973941DA77159008CA909 /* ViewController.swift */,
				25A973961DA77159008CA909 /* Main.storyboard */,
				25A9739C1DA77159008CA909 /* Assets.xcassets */,
				25A9739E1DA77159008CA909 /* LaunchScreen.storyboard */,
				25A973A11DA77159008CA909 /* Info.plist */,
				25A973991DA77159008CA909 /* Proyecto.xcdatamodeld */,
			);
			path = Proyecto;
			sourceTree = "<group>";
		};
		25A973A91DA7715A008CA909 /* ProyectoTests */ = {
			isa = PBXGroup;
			children = (
				25A973AA1DA7715A008CA909 /* ProyectoTests.swift */,
				25A973AC1DA7715A008CA909 /* Info.plist */,
			);
			path = ProyectoTests;
			sourceTree = "<group>";
		};
/* End PBXGroup section */

/* Begin PBXNativeTarget section */
		25A9738E1DA77159008CA909 /* Proyecto */ = {
			isa = PBXNativeTarget;
			buildConfigurationList = 25A973AF1DA7715A008CA909 /* Build configuration list for PBXNativeTarget "Proyecto" */;
			buildPhases = (
				25A9738B1DA77159008CA909 /* Sources */,
				25A9738C1DA77159008CA909 /* Frameworks */,
				25A9738D1DA77159008CA909 /* Resources */,
			);
			buildRules = (
			);
			dependencies = (
			);
			name = Proyecto;
			productName = Proyecto;
			productReference = 25A9738F1DA77159008CA909 /* Proyecto.app */;
			productType = "com.apple.product-type.application";
		};
		25A973A51DA7715A008CA909 /* ProyectoTests */ = {
			isa = PBXNativeTarget;
			buildConfigurationList = 25A973B21DA7715A008CA909 /* Build configuration list for PBXNativeTarget "ProyectoTests" */;
			buildPhases = (
				25A973A21DA7715A008CA909 /* Sources */,
				25A973A31DA7715A008CA909 /* Frameworks */,
				25A973A41DA7715A008CA909 /* Resources */,
			);
			buildRules = (
			);
			dependencies = (
				25A973A81DA7715A008CA909 /* PBXTargetDependency */,
			);
			name = ProyectoTests;
			productName = ProyectoTests;
			productReference = 25A973A61DA7715A008CA909 /* ProyectoTests.xctest */;
			productType = "com.apple.product-type.bundle.unit-test";
		};
/* End PBXNativeTarget section */

/* Begin PBXProject section */
		25A973871DA77159008CA909 /* Project object */ = {
			isa = PBXProject;
			attributes = {
				LastSwiftUpdateCheck = 0800;
				LastUpgradeCheck = 0800;
				ORGANIZATIONNAME = "Luis Salas Rodriguez";
				TargetAttributes = {
					25A9738E1DA77159008CA909 = {
						CreatedOnToolsVersion = 8.0;
						DevelopmentTeam = 5KDVCLQT2T;
						ProvisioningStyle = Automatic;
					};
					25A973A51DA7715A008CA909 = {
						CreatedOnToolsVersion = 8.0;
						DevelopmentTeam = 5KDVCLQT2T;
						ProvisioningStyle = Automatic;
						TestTargetID = 25A9738E1DA77159008CA909;
					};
				};
			};
			buildConfigurationList = 25A9738A1DA77159008CA909 /* Build configuration list for PBXProject "Proyecto" */;
			compatibilityVersion = "Xcode 3.2";
			developmentRegion = English;
			hasScannedForEncodings = 0;
			knownRegions = (
				en,
				Base,
			);
			mainGroup = 25A973861DA77159008CA909;
			productRefGroup = 25A973901DA77159008CA909 /* Products */;
			projectDirPath = "";
			projectRoot = "";
			targets = (
				25A9738E1DA77159008CA909 /* Proyecto */,
				25A973A51DA7715A008CA909 /* ProyectoTests */,
			);
		};
/* End PBXProject section */

/* Begin PBXResourcesBuildPhase section */
		25A9738D1DA77159008CA909 /* Resources */ = {
			isa = PBXResourcesBuildPhase;
			buildActionMask = 2147483647;
			files = (
				25A973A01DA77159008CA909 /* LaunchScreen.storyboard in Resources */,
				25A9739D1DA77159008CA909 /* Assets.xcassets in Resources */,
				25A973981DA77159008CA909 /* Main.storyboard in Resources */,
			);
			runOnlyForDeploymentPostprocessing = 0;
		};
		25A973A41DA7715A008CA909 /* Resources */ = {
			isa = PBXResourcesBuildPhase;
			buildActionMask = 2147483647;
			files = (
			);
			runOnlyForDeploymentPostprocessing = 0;
		};
/* End PBXResourcesBuildPhase section */

/* Begin PBXSourcesBuildPhase section */
		25A9738B1DA77159008CA909 /* Sources */ = {
			isa = PBXSourcesBuildPhase;
			buildActionMask = 2147483647;
			files = (
				25A973951DA77159008CA909 /* ViewController.swift in Sources */,
				25A9739B1DA77159008CA909 /* Proyecto.xcdatamodeld in Sources */,
				25A973931DA77159008CA909 /* AppDelegate.swift in Sources */,
			);
			runOnlyForDeploymentPostprocessing = 0;
		};
		25A973A21DA7715A008CA909 /* Sources */ = {
			isa = PBXSourcesBuildPhase;
			buildActionMask = 2147483647;
			files = (
				25A973AB1DA7715A008CA909 /* ProyectoTests.swift in Sources */,
			);
			runOnlyForDeploymentPostprocessing = 0;
		};
/* End PBXSourcesBuildPhase section */

/* Begin PBXTargetDependency section */
		25A973A81DA7715A008CA909 /* PBXTargetDependency */ = {
			isa = PBXTargetDependency;
			target = 25A9738E1DA77159008CA909 /* Proyecto */;
			targetProxy = 25A973A71DA7715A008CA909 /* PBXContainerItemProxy */;
		};
/* End PBXTargetDependency section */

/* Begin PBXVariantGroup section */
		25A973961DA77159008CA909 /* Main.storyboard */ = {
			isa = PBXVariantGroup;
			children = (
				25A973971DA77159008CA909 /* Base */,
			);
			name = Main.storyboard;
			sourceTree = "<group>";
		};
		25A9739E1DA77159008CA909 /* LaunchScreen.storyboard */ = {
			isa = PBXVariantGroup;
			children = (
				25A9739F1DA77159008CA909 /* Base */,
			);
			name = LaunchScreen.storyboard;
			sourceTree = "<group>";
		};
/* End PBXVariantGroup section */

/* Begin XCBuildConfiguration section */
		25A973AD1DA7715A008CA909 /* Debug */ = {
			isa = XCBuildConfiguration;
			buildSettings = {
				ALWAYS_SEARCH_USER_PATHS = NO;
				CLANG_ANALYZER_NONNULL = YES;
				CLANG_CXX_LANGUAGE_STANDARD = "gnu++0x";
				CLANG_CXX_LIBRARY = "libc++";
				CLANG_ENABLE_MODULES = YES;
				CLANG_ENABLE_OBJC_ARC = YES;
				CLANG_WARN_BOOL_CONVERSION = YES;
				CLANG_WARN_CONSTANT_CONVERSION = YES;
				CLANG_WARN_DIRECT_OBJC_ISA_USAGE = YES_ERROR;
				CLANG_WARN_DOCUMENTATION_COMMENTS = YES;
				CLANG_WARN_EMPTY_BODY = YES;
				CLANG_WARN_ENUM_CONVERSION = YES;
				CLANG_WARN_INFINITE_RECURSION = YES;
				CLANG_WARN_INT_CONVERSION = YES;
				CLANG_WARN_OBJC_ROOT_CLASS = YES_ERROR;
				CLANG_WARN_SUSPICIOUS_MOVES = YES;
				CLANG_WARN_UNREACHABLE_CODE = YES;
				CLANG_WARN__DUPLICATE_METHOD_MATCH = YES;
				"CODE_SIGN_IDENTITY[sdk=iphoneos*]" = "iPhone Developer";
				COPY_PHASE_STRIP = NO;
				DEBUG_INFORMATION_FORMAT = dwarf;
				ENABLE_STRICT_OBJC_MSGSEND = YES;
				ENABLE_TESTABILITY = YES;
				GCC_C_LANGUAGE_STANDARD = gnu99;
				GCC_DYNAMIC_NO_PIC = NO;
				GCC_NO_COMMON_BLOCKS = YES;
				GCC_OPTIMIZATION_LEVEL = 0;
				GCC_PREPROCESSOR_DEFINITIONS = (
					"DEBUG=1",
					"$(inherited)",
				);
				GCC_WARN_64_TO_32_BIT_CONVERSION = YES;
				GCC_WARN_ABOUT_RETURN_TYPE = YES_ERROR;
				GCC_WARN_UNDECLARED_SELECTOR = YES;
				GCC_WARN_UNINITIALIZED_AUTOS = YES_AGGRESSIVE;
				GCC_WARN_UNUSED_FUNCTION = YES;
				GCC_WARN_UNUSED_VARIABLE = YES;
				IPHONEOS_DEPLOYMENT_TARGET = 10.0;
				MTL_ENABLE_DEBUG_INFO = YES;
				ONLY_ACTIVE_ARCH = YES;
				SDKROOT = iphoneos;
				SWIFT_ACTIVE_COMPILATION_CONDITIONS = DEBUG;
				SWIFT_OPTIMIZATION_LEVEL = "-Onone";
				TARGETED_DEVICE_FAMILY = "1,2";
			};
			name = Debug;
		};
		25A973AE1DA7715A008CA909 /* Release */ = {
			isa = XCBuildConfiguration;
			buildSettings = {
				ALWAYS_SEARCH_USER_PATHS = NO;
				CLANG_ANALYZER_NONNULL = YES;
				CLANG_CXX_LANGUAGE_STANDARD = "gnu++0x";
				CLANG_CXX_LIBRARY = "libc++";
				CLANG_ENABLE_MODULES = YES;
				CLANG_ENABLE_OBJC_ARC = YES;
				CLANG_WARN_BOOL_CONVERSION = YES;
				CLANG_WARN_CONSTANT_CONVERSION = YES;
				CLANG_WARN_DIRECT_OBJC_ISA_USAGE = YES_ERROR;
				CLANG_WARN_DOCUMENTATION_COMMENTS = YES;
				CLANG_WARN_EMPTY_BODY = YES;
				CLANG_WARN_ENUM_CONVERSION = YES;
				CLANG_WARN_INFINITE_RECURSION = YES;
				CLANG_WARN_INT_CONVERSION = YES;
				CLANG_WARN_OBJC_ROOT_CLASS = YES_ERROR;
				CLANG_WARN_SUSPICIOUS_MOVES = YES;
				CLANG_WARN_UNREACHABLE_CODE = YES;
				CLANG_WARN__DUPLICATE_METHOD_MATCH = YES;
				"CODE_SIGN_IDENTITY[sdk=iphoneos*]" = "iPhone Developer";
				COPY_PHASE_STRIP = NO;
				DEBUG_INFORMATION_FORMAT = "dwarf-with-dsym";
				ENABLE_NS_ASSERTIONS = NO;
				ENABLE_STRICT_OBJC_MSGSEND = YES;
				GCC_C_LANGUAGE_STANDARD = gnu99;
				GCC_NO_COMMON_BLOCKS = YES;
				GCC_WARN_64_TO_32_BIT_CONVERSION = YES;
				GCC_WARN_ABOUT_RETURN_TYPE = YES_ERROR;
				GCC_WARN_UNDECLARED_SELECTOR = YES;
				GCC_WARN_UNINITIALIZED_AUTOS = YES_AGGRESSIVE;
				GCC_WARN_UNUSED_FUNCTION = YES;
				GCC_WARN_UNUSED_VARIABLE = YES;
				IPHONEOS_DEPLOYMENT_TARGET = 10.0;
				MTL_ENABLE_DEBUG_INFO = NO;
				SDKROOT = iphoneos;
				SWIFT_OPTIMIZATION_LEVEL = "-Owholemodule";
				TARGETED_DEVICE_FAMILY = "1,2";
				VALIDATE_PRODUCT = YES;
			};
			name = Release;
		};
		25A973B01DA7715A008CA909 /* Debug */ = {
			isa = XCBuildConfiguration;
			buildSettings = {
				ASSETCATALOG_COMPILER_APPICON_NAME = AppIcon;
				DEVELOPMENT_TEAM = 5KDVCLQT2T;
				INFOPLIST_FILE = Proyecto/Info.plist;
				LD_RUNPATH_SEARCH_PATHS = "$(inherited) @executable_path/Frameworks";
				PRODUCT_BUNDLE_IDENTIFIER = Games.Proyecto;
				PRODUCT_NAME = "$(TARGET_NAME)";
				SWIFT_VERSION = 3.0;
			};
			name = Debug;
		};
		25A973B11DA7715A008CA909 /* Release */ = {
			isa = XCBuildConfiguration;
			buildSettings = {
				ASSETCATALOG_COMPILER_APPICON_NAME = AppIcon;
				DEVELOPMENT_TEAM = 5KDVCLQT2T;
				INFOPLIST_FILE = Proyecto/Info.plist;
				LD_RUNPATH_SEARCH_PATHS = "$(inherited) @executable_path/Frameworks";
				PRODUCT_BUNDLE_IDENTIFIER = Games.Proyecto;
				PRODUCT_NAME = "$(TARGET_NAME)";
				SWIFT_VERSION = 3.0;
			};
			name = Release;
		};
		25A973B31DA7715A008CA909 /* Debug */ = {
			isa = XCBuildConfiguration;
			buildSettings = {
				ALWAYS_EMBED_SWIFT_STANDARD_LIBRARIES = YES;
				BUNDLE_LOADER = "$(TEST_HOST)";
				DEVELOPMENT_TEAM = 5KDVCLQT2T;
				INFOPLIST_FILE = ProyectoTests/Info.plist;
				LD_RUNPATH_SEARCH_PATHS = "$(inherited) @executable_path/Frameworks @loader_path/Frameworks";
				PRODUCT_BUNDLE_IDENTIFIER = Games.ProyectoTests;
				PRODUCT_NAME = "$(TARGET_NAME)";
				SWIFT_VERSION = 3.0;
				TEST_HOST = "$(BUILT_PRODUCTS_DIR)/Proyecto.app/Proyecto";
			};
			name = Debug;
		};
		25A973B41DA7715A008CA909 /* Release */ = {
			isa = XCBuildConfiguration;
			buildSettings = {
				ALWAYS_EMBED_SWIFT_STANDARD_LIBRARIES = YES;
				BUNDLE_LOADER = "$(TEST_HOST)";
				DEVELOPMENT_TEAM = 5KDVCLQT2T;
				INFOPLIST_FILE = ProyectoTests/Info.plist;
				LD_RUNPATH_SEARCH_PATHS = "$(inherited) @executable_path/Frameworks @loader_path/Frameworks";
				PRODUCT_BUNDLE_IDENTIFIER = Games.ProyectoTests;
				PRODUCT_NAME = "$(TARGET_NAME)";
				SWIFT_VERSION = 3.0;
				TEST_HOST = "$(BUILT_PRODUCTS_DIR)/Proyecto.app/Proyecto";
			};
			name = Release;
		};
/* End XCBuildConfiguration section */

/* Begin XCConfigurationList section */
		25A9738A1DA77159008CA909 /* Build configuration list for PBXProject "Proyecto" */ = {
			isa = XCConfigurationList;
			buildConfigurations = (
				25A973AD1DA7715A008CA909 /* Debug */,
				25A973AE1DA7715A008CA909 /* Release */,
			);
			defaultConfigurationIsVisible = 0;
			defaultConfigurationName = Release;
		};
		25A973AF1DA7715A008CA909 /* Build configuration list for PBXNativeTarget "Proyecto" */ = {
			isa = XCConfigurationList;
			buildConfigurations = (
				25A973B01DA7715A008CA909 /* Debug */,
				25A973B11DA7715A008CA909 /* Release */,
			);
			defaultConfigurationIsVisible = 0;
		};
		25A973B21DA7715A008CA909 /* Build configuration list for PBXNativeTarget "ProyectoTests" */ = {
			isa = XCConfigurationList;
			buildConfigurations = (
				25A973B31DA7715A008CA909 /* Debug */,
				25A973B41DA7715A008CA909 /* Release */,
			);
			defaultConfigurationIsVisible = 0;
		};
/* End XCConfigurationList section */

/* Begin XCVersionGroup section */
		25A973991DA77159008CA909 /* Proyecto.xcdatamodeld */ = {
			isa = XCVersionGroup;
			children = (
				25A9739A1DA77159008CA909 /* Proyecto.xcdatamodel */,
			);
			currentVersion = 25A9739A1DA77159008CA909 /* Proyecto.xcdatamodel */;
			path = Proyecto.xcdatamodeld;
			sourceTree = "<group>";
			versionGroupType = wrapper.xcdatamodel;
		};
/* End XCVersionGroup section */
	};
	rootObject = 25A973871DA77159008CA909 /* Project object */;
}
